
Microsoft Visual Studio Solution File, Format Version 12.00
# Visual Studio Version 17
VisualStudioVersion = 17.13.35806.99
MinimumVisualStudioVersion = 10.0.40219.1
Project("{FAE04EC0-301F-11D3-BF4B-00C04F79EFBC}") = "ПП 02", "ПП.2\ПП 02.csproj", "{4AB37469-5F18-42D8-9476-AC7D7ADF2AF6}"
EndProject
Project("{FAE04EC0-301F-11D3-BF4B-00C04F79EFBC}") = "UnitTestProject1", "UnitTestProject1\UnitTestProject1.csproj", "{619D559C-AEE1-4703-B834-B7D2A55E6338}"
EndProject
Global
	GlobalSection(SolutionConfigurationPlatforms) = preSolution
		Debug|Any CPU = Debug|Any CPU
		Release|Any CPU = Release|Any CPU
	EndGlobalSection
	GlobalSection(ProjectConfigurationPlatforms) = postSolution
		{4AB37469-5F18-42D8-9476-AC7D7ADF2AF6}.Debug|Any CPU.ActiveCfg = Debug|Any CPU
		{4AB37469-5F18-42D8-9476-AC7D7ADF2AF6}.Debug|Any CPU.Build.0 = Debug|Any CPU
		{4AB37469-5F18-42D8-9476-AC7D7ADF2AF6}.Release|Any CPU.ActiveCfg = Release|Any CPU
		{4AB37469-5F18-42D8-9476-AC7D7ADF2AF6}.Release|Any CPU.Build.0 = Release|Any CPU
		{619D559C-AEE1-4703-B834-B7D2A55E6338}.Debug|Any CPU.ActiveCfg = Debug|Any CPU
		{619D559C-AEE1-4703-B834-B7D2A55E6338}.Debug|Any CPU.Build.0 = Debug|Any CPU
		{619D559C-AEE1-4703-B834-B7D2A55E6338}.Release|Any CPU.ActiveCfg = Release|Any CPU
		{619D559C-AEE1-4703-B834-B7D2A55E6338}.Release|Any CPU.Build.0 = Release|Any CPU
	EndGlobalSection
	GlobalSection(SolutionProperties) = preSolution
		HideSolutionNode = FALSE
	EndGlobalSection
	GlobalSection(ExtensibilityGlobals) = postSolution
		SolutionGuid = {5BB03644-C29B-437B-8500-4D5EFE3EFA5B}
	EndGlobalSection
EndGlobal
